
Microsoft Visual Studio Solution File, Format Version 12.00
# Visual Studio Version 17
VisualStudioVersion = 17.5.2.0
MinimumVisualStudioVersion = 10.0.40219.1
Project("{FAE04EC0-301F-11D3-BF4B-00C04F79EFBC}") = "Application", "Application\Application.csproj", "{BE1C8968-8432-4B54-B12D-D18B8342FA04}"
EndProject
Project("{FAE04EC0-301F-11D3-BF4B-00C04F79EFBC}") = "Domain", "Domain\Domain.csproj", "{D9E3F05D-5DA0-45E6-A0D9-D39964F5EA19}"
EndProject
Project("{FAE04EC0-301F-11D3-BF4B-00C04F79EFBC}") = "Infrastructure", "Infrastructure\Infrastructure.csproj", "{6651915E-202D-4014-8283-929BE6588943}"
EndProject
Project("{E53339B2-1760-4266-BCC7-CA923CBCF16C}") = "docker-compose", "docker-compose.dcproj", "{81DDED9D-158B-E303-5F62-77A2896D2A5A}"
EndProject
Project("{FAE04EC0-301F-11D3-BF4B-00C04F79EFBC}") = "BlogTest", "BlogTest\BlogTest.csproj", "{B634DAE6-957A-7BF3-0A72-27458B1D08DA}"
EndProject
Project("{FAE04EC0-301F-11D3-BF4B-00C04F79EFBC}") = "BlogApi", "BlogApi\BlogApi.csproj", "{FDC53E20-1ADF-7C7D-1FE1-5874878FD458}"
EndProject
Global
	GlobalSection(SolutionConfigurationPlatforms) = preSolution
		Debug|Any CPU = Debug|Any CPU
		Release|Any CPU = Release|Any CPU
	EndGlobalSection
	GlobalSection(ProjectConfigurationPlatforms) = postSolution
		{BE1C8968-8432-4B54-B12D-D18B8342FA04}.Debug|Any CPU.ActiveCfg = Debug|Any CPU
		{BE1C8968-8432-4B54-B12D-D18B8342FA04}.Debug|Any CPU.Build.0 = Debug|Any CPU
		{BE1C8968-8432-4B54-B12D-D18B8342FA04}.Release|Any CPU.ActiveCfg = Release|Any CPU
		{BE1C8968-8432-4B54-B12D-D18B8342FA04}.Release|Any CPU.Build.0 = Release|Any CPU
		{D9E3F05D-5DA0-45E6-A0D9-D39964F5EA19}.Debug|Any CPU.ActiveCfg = Debug|Any CPU
		{D9E3F05D-5DA0-45E6-A0D9-D39964F5EA19}.Debug|Any CPU.Build.0 = Debug|Any CPU
		{D9E3F05D-5DA0-45E6-A0D9-D39964F5EA19}.Release|Any CPU.ActiveCfg = Release|Any CPU
		{D9E3F05D-5DA0-45E6-A0D9-D39964F5EA19}.Release|Any CPU.Build.0 = Release|Any CPU
		{6651915E-202D-4014-8283-929BE6588943}.Debug|Any CPU.ActiveCfg = Debug|Any CPU
		{6651915E-202D-4014-8283-929BE6588943}.Debug|Any CPU.Build.0 = Debug|Any CPU
		{6651915E-202D-4014-8283-929BE6588943}.Release|Any CPU.ActiveCfg = Release|Any CPU
		{6651915E-202D-4014-8283-929BE6588943}.Release|Any CPU.Build.0 = Release|Any CPU
		{81DDED9D-158B-E303-5F62-77A2896D2A5A}.Debug|Any CPU.ActiveCfg = Debug|Any CPU
		{81DDED9D-158B-E303-5F62-77A2896D2A5A}.Debug|Any CPU.Build.0 = Debug|Any CPU
		{81DDED9D-158B-E303-5F62-77A2896D2A5A}.Release|Any CPU.ActiveCfg = Release|Any CPU
		{81DDED9D-158B-E303-5F62-77A2896D2A5A}.Release|Any CPU.Build.0 = Release|Any CPU
		{B634DAE6-957A-7BF3-0A72-27458B1D08DA}.Debug|Any CPU.ActiveCfg = Debug|Any CPU
		{B634DAE6-957A-7BF3-0A72-27458B1D08DA}.Debug|Any CPU.Build.0 = Debug|Any CPU
		{B634DAE6-957A-7BF3-0A72-27458B1D08DA}.Release|Any CPU.ActiveCfg = Release|Any CPU
		{B634DAE6-957A-7BF3-0A72-27458B1D08DA}.Release|Any CPU.Build.0 = Release|Any CPU
		{FDC53E20-1ADF-7C7D-1FE1-5874878FD458}.Debug|Any CPU.ActiveCfg = Debug|Any CPU
		{FDC53E20-1ADF-7C7D-1FE1-5874878FD458}.Debug|Any CPU.Build.0 = Debug|Any CPU
		{FDC53E20-1ADF-7C7D-1FE1-5874878FD458}.Release|Any CPU.ActiveCfg = Release|Any CPU
		{FDC53E20-1ADF-7C7D-1FE1-5874878FD458}.Release|Any CPU.Build.0 = Release|Any CPU
	EndGlobalSection
	GlobalSection(SolutionProperties) = preSolution
		HideSolutionNode = FALSE
	EndGlobalSection
	GlobalSection(ExtensibilityGlobals) = postSolution
		SolutionGuid = {2EAA555D-65FA-4ECF-AA92-9EA1971A4C7F}
	EndGlobalSection
EndGlobal
